
Microsoft Visual Studio Solution File, Format Version 12.00
# Visual Studio Version 16
VisualStudioVersion = 16.0.30503.244
MinimumVisualStudioVersion = 10.0.40219.1
Project("{FAE04EC0-301F-11D3-BF4B-00C04F79EFBC}") = "Lecture3Lab1", "Lecture3Lab1\Lecture3Lab1.csproj", "{4B5FA222-6D59-479F-94BB-4121AE1D0B36}"
EndProject
Global
	GlobalSection(SolutionConfigurationPlatforms) = preSolution
		Debug|Any CPU = Debug|Any CPU
		Release|Any CPU = Release|Any CPU
	EndGlobalSection
	GlobalSection(ProjectConfigurationPlatforms) = postSolution
		{4B5FA222-6D59-479F-94BB-4121AE1D0B36}.Debug|Any CPU.ActiveCfg = Debug|Any CPU
		{4B5FA222-6D59-479F-94BB-4121AE1D0B36}.Debug|Any CPU.Build.0 = Debug|Any CPU
		{4B5FA222-6D59-479F-94BB-4121AE1D0B36}.Release|Any CPU.ActiveCfg = Release|Any CPU
		{4B5FA222-6D59-479F-94BB-4121AE1D0B36}.Release|Any CPU.Build.0 = Release|Any CPU
	EndGlobalSection
	GlobalSection(SolutionProperties) = preSolution
		HideSolutionNode = FALSE
	EndGlobalSection
	GlobalSection(ExtensibilityGlobals) = postSolution
		SolutionGuid = {9BFE6928-60B6-4461-8283-2979C02E465A}
	EndGlobalSection
EndGlobal
